{
  "nodes": {
    "nixpkgs": {
      "locked": {
        "lastModified": 1717966541,
        "narHash": "sha256-axo1pXIKn4WX7EtXQzhblRmQE72d8WJcc5smmSdl1W0=",
        "owner": "nixos",
        "repo": "nixpkgs",
        "rev": "55ce7a10b66819d96ffce66df9df73b4846cbb92",
        "type": "github"
      },
      "original": {
        "owner": "nixos",
        "ref": "master",
        "repo": "nixpkgs",
        "type": "github"
      }
    },
    "root": {
      "inputs": {
        "nixpkgs": "nixpkgs"
      }
    }
  },
  "root": "root",
  "version": 7
}
